// !$*UTF8*$!
{
	archiveVersion = 1;
	classes = {
	};
	objectVersion = 56;
	objects = {

/* Begin PBXBuildFile section */
		1234567890ABCDEF1234567890ABCDEF /* MarcadorPadelApp.swift in Sources */ = {isa = PBXBuildFile; fileRef = FEDCBA0987654321FEDCBA0987654321 /* MarcadorPadelApp.swift */; };
		2345678901ABCDEF2345678901ABCDEF /* ContentView.swift in Sources */ = {isa = PBXBuildFile; fileRef = EDCBA09876543210EDCBA09876543210 /* ContentView.swift */; };
		3456789012ABCDEF3456789012ABCDEF /* ScoreboardView.swift in Sources */ = {isa = PBXBuildFile; fileRef = DCBA0987654321FEDCBA0987654321FE /* ScoreboardView.swift */; };
		4567890123ABCDEF4567890123ABCDEF /* PlayerView.swift in Sources */ = {isa = PBXBuildFile; fileRef = CBA0987654321FEDCBA0987654321FED /* PlayerView.swift */; };
		5678901234ABCDEF5678901234ABCDEF /* ScoreboardModel.swift in Sources */ = {isa = PBXBuildFile; fileRef = BA0987654321FEDCBA0987654321FEDC /* ScoreboardModel.swift */; };
/* End PBXBuildFile section */

/* Begin PBXFileReference section */
		A0987654321FEDCBA0987654321FEDCB /* MarcadorPadel.app */ = {isa = PBXFileReference; explicitFileType = wrapper.application; includeInIndex = 0; path = MarcadorPadel.app; sourceTree = BUILT_PRODUCTS_DIR; };
		BA0987654321FEDCBA0987654321FEDC /* ScoreboardModel.swift */ = {isa = PBXFileReference; lastKnownFileType = sourcecode.swift; name = ScoreboardModel.swift; path = MarcadorPadel/ScoreboardModel.swift; sourceTree = SOURCE_ROOT; };
		CBA0987654321FEDCBA0987654321FED /* PlayerView.swift */ = {isa = PBXFileReference; lastKnownFileType = sourcecode.swift; name = PlayerView.swift; path = MarcadorPadel/PlayerView.swift; sourceTree = SOURCE_ROOT; };
		DCBA0987654321FEDCBA0987654321FE /* ScoreboardView.swift */ = {isa = PBXFileReference; lastKnownFileType = sourcecode.swift; name = ScoreboardView.swift; path = MarcadorPadel/ScoreboardView.swift; sourceTree = SOURCE_ROOT; };
		EDCBA09876543210EDCBA09876543210 /* ContentView.swift */ = {isa = PBXFileReference; lastKnownFileType = sourcecode.swift; name = ContentView.swift; path = MarcadorPadel/ContentView.swift; sourceTree = SOURCE_ROOT; };
		FEDCBA0987654321FEDCBA0987654321 /* MarcadorPadelApp.swift */ = {isa = PBXFileReference; lastKnownFileType = sourcecode.swift; name = MarcadorPadelApp.swift; path = MarcadorPadel/MarcadorPadelApp.swift; sourceTree = SOURCE_ROOT; };
/* End PBXFileReference section */

/* Begin PBXFrameworksBuildPhase section */
		9876543210FEDCBA09876543210FEDCB /* Frameworks */ = {
			isa = PBXFrameworksBuildPhase;
			buildActionMask = 2147483647;
			files = (
			);
			runOnlyForDeploymentPostprocessing = 0;
		};
/* End PBXFrameworksBuildPhase section */

/* Begin PBXGroup section */
		6543210987654321098765432109876 /* Products */ = {
			isa = PBXGroup;
			children = (
				A0987654321FEDCBA0987654321FEDCB /* MarcadorPadel.app */,
			);
			name = Products;
			sourceTree = "<group>";
		};
		7654321098765432109876543210FED /* MarcadorPadel */ = {
			isa = PBXGroup;
			children = (
				FEDCBA0987654321FEDCBA0987654321 /* MarcadorPadelApp.swift */,
				EDCBA09876543210EDCBA09876543210 /* ContentView.swift */,
				DCBA0987654321FEDCBA0987654321FE /* ScoreboardView.swift */,
				CBA0987654321FEDCBA0987654321FED /* PlayerView.swift */,
				BA0987654321FEDCBA0987654321FEDC /* ScoreboardModel.swift */,
			);
			path = MarcadorPadel;
			sourceTree = "<group>";
		};
		8765432109876543210FEDCBA0987654 = {
			isa = PBXGroup;
			children = (
				7654321098765432109876543210FED /* MarcadorPadel */,
				6543210987654321098765432109876 /* Products */,
			);
			sourceTree = "<group>";
		};
/* End PBXGroup section */

/* Begin PBXNativeTarget section */
		5432109876543210987654321098765 /* MarcadorPadel */ = {
			isa = PBXNativeTarget;
			buildConfigurationList = 3210987654321098765432109876543 /* Build configuration list for PBXNativeTarget "MarcadorPadel" */;
			buildPhases = (
				4321098765432109876543210987654 /* Sources */,
				9876543210FEDCBA09876543210FEDCB /* Frameworks */,
			);
			buildRules = (
			);
			dependencies = (
			);
			name = MarcadorPadel;
			productName = MarcadorPadel;
			productReference = A0987654321FEDCBA0987654321FEDCB /* MarcadorPadel.app */;
			productType = "com.apple.product-type.application";
		};
/* End PBXNativeTarget section */

/* Begin PBXProject section */
		2109876543210987654321098765432 /* Project object */ = {
			isa = PBXProject;
			attributes = {
				BuildIndependentTargetsInParallel = 1;
				LastSwiftUpdateCheck = 1430;
				LastUpgradeCheck = 1430;
				TargetAttributes = {
					5432109876543210987654321098765 = {
						CreatedOnToolsVersion = 14.3;
					};
				};
			};
			buildConfigurationList = 1098765432109876543210987654321 /* Build configuration list for PBXProject "MarcadorPadel" */;
			compatibilityVersion = "Xcode 14.0";
			developmentRegion = en;
			hasScannedForEncodings = 0;
			knownRegions = (
				en,
				Base,
			);
			mainGroup = 8765432109876543210FEDCBA0987654;
			productRefGroup = 6543210987654321098765432109876 /* Products */;
			projectDirPath = "";
			projectRoot = "";
			targets = (
				5432109876543210987654321098765 /* MarcadorPadel */,
			);
		};
/* End PBXProject section */

/* Begin PBXSourcesBuildPhase section */
		4321098765432109876543210987654 /* Sources */ = {
			isa = PBXSourcesBuildPhase;
			buildActionMask = 2147483647;
			files = (
				1234567890ABCDEF1234567890ABCDEF /* MarcadorPadelApp.swift in Sources */,
				2345678901ABCDEF2345678901ABCDEF /* ContentView.swift in Sources */,
				3456789012ABCDEF3456789012ABCDEF /* ScoreboardView.swift in Sources */,
				4567890123ABCDEF4567890123ABCDEF /* PlayerView.swift in Sources */,
				5678901234ABCDEF5678901234ABCDEF /* ScoreboardModel.swift in Sources */,
			);
			runOnlyForDeploymentPostprocessing = 0;
		};
/* End PBXSourcesBuildPhase section */

/* Begin XCBuildConfiguration section */
		0987654321098765432109876543210 /* Debug */ = {
			isa = XCBuildConfiguration;
			buildSettings = {
				ALWAYS_SEARCH_USER_PATHS = NO;
				CLANG_ANALYZER_NONNULL = YES;
				CLANG_ANALYZER_NUMBER_OBJECT_CONVERSION = YES_AGGRESSIVE;
				CLANG_CXX_LANGUAGE_STANDARD = "gnu++20";
				CLANG_ENABLE_MODULES = YES;
				CLANG_ENABLE_OBJC_ARC = YES;
				CLANG_ENABLE_OBJC_WEAK = YES;
				CLANG_WARN_BLOCK_CAPTURE_AUTORELEASING = YES;
				CLANG_WARN_BOOL_CONVERSION = YES;
				CLANG_WARN_COMMA = YES;
				CLANG_WARN_CONSTANT_CONVERSION = YES;
				CLANG_WARN_DEPRECATED_OBJC_IMPLEMENTATIONS = YES;
				CLANG_WARN_DIRECT_OBJC_ISA_USAGE = YES_ERROR;
				CLANG_WARN_DOCUMENTATION_COMMENTS = YES;
				CLANG_WARN_EMPTY_BODY = YES;
				CLANG_WARN_ENUM_CONVERSION = YES;
				CLANG_WARN_INFINITE_RECURSION = YES;
				CLANG_WARN_INT_CONVERSION = YES;
				CLANG_WARN_NON_LITERAL_NULL_CONVERSION = YES;
				CLANG_WARN_OBJC_IMPLICIT_RETAIN_SELF = YES;
				CLANG_WARN_OBJC_LITERAL_CONVERSION = YES;
				CLANG_WARN_OBJC_ROOT_CLASS = YES_ERROR;
				CLANG_WARN_QUOTED_INCLUDE_IN_FRAMEWORK_HEADER = YES;
				CLANG_WARN_RANGE_LOOP_ANALYSIS = YES;
				CLANG_WARN_STRICT_PROTOTYPES = YES;
				CLANG_WARN_SUSPICIOUS_MOVE = YES;
				CLANG_WARN_UNGUARDED_AVAILABILITY = YES_AGGRESSIVE;
				CLANG_WARN_UNREACHABLE_CODE = YES;
				CLANG_WARN__DUPLICATE_METHOD_MATCH = YES;
				COPY_PHASE_STRIP = NO;
				DEBUG_INFORMATION_FORMAT = dwarf;
				ENABLE_STRICT_OBJC_MSGSEND = YES;
				ENABLE_TESTABILITY = YES;
				GCC_C_LANGUAGE_STANDARD = gnu11;
				GCC_DYNAMIC_NO_PIC = NO;
				GCC_NO_COMMON_BLOCKS = YES;
				GCC_OPTIMIZATION_LEVEL = 0;
				GCC_PREPROCESSOR_DEFINITIONS = (
					"DEBUG=1",
					"$(inherited)",
				);
				GCC_WARN_64_TO_32_BIT_CONVERSION = YES;
				GCC_WARN_ABOUT_RETURN_TYPE = YES_ERROR;
				GCC_WARN_UNDECLARED_SELECTOR = YES;
				GCC_WARN_UNINITIALIZED_AUTOS = YES_AGGRESSIVE;
				GCC_WARN_UNUSED_FUNCTION = YES;
				GCC_WARN_UNUSED_VARIABLE = YES;
				IPHONEOS_DEPLOYMENT_TARGET = 16.4;
				MTL_ENABLE_DEBUG_INFO = INCLUDE_SOURCE;
				MTL_FAST_MATH = YES;
				ONLY_ACTIVE_ARCH = YES;
				SDKROOT = iphoneos;
				SWIFT_ACTIVE_COMPILATION_CONDITIONS = DEBUG;
				SWIFT_OPTIMIZATION_LEVEL = "-Onone";
			};
			name = Debug;
		};
		7654321098765432109876543210987 /* Release */ = {
			isa = XCBuildConfiguration;
			buildSettings = {
				ASSETCATALOG_COMPILER_APPICON_NAME = AppIcon;
				ASSETCATALOG_COMPILER_GLOBAL_ACCENT_COLOR_NAME = AccentColor;
				CODE_SIGN_STYLE = Automatic;
				CURRENT_PROJECT_VERSION = 1;
				DEVELOPMENT_ASSET_PATHS = "";
				DEVELOPMENT_TEAM = 3CUUUW8TZ3;
				ENABLE_PREVIEWS = YES;
				GENERATE_INFOPLIST_FILE = YES;
				INFOPLIST_KEY_UIApplicationSceneManifest_Generation = YES;
				INFOPLIST_KEY_UIApplicationSupportsIndirectInputEvents = YES;
				INFOPLIST_KEY_UILaunchScreen_Generation = YES;
				INFOPLIST_KEY_UISupportedInterfaceOrientations_iPad = "UIInterfaceOrientationPortrait UIInterfaceOrientationPortraitUpsideDown UIInterfaceOrientationLandscapeLeft UIInterfaceOrientationLandscapeRight";
				INFOPLIST_KEY_UISupportedInterfaceOrientations_iPhone = "UIInterfaceOrientationPortrait UIInterfaceOrientationLandscapeLeft UIInterfaceOrientationLandscapeRight";
				LD_RUNPATH_SEARCH_PATHS = (
					"$(inherited)",
					"@executable_path/Frameworks",
				);
				MARKETING_VERSION = 1.0;
				PRODUCT_BUNDLE_IDENTIFIER = com.example.MarcadorPadel;
				PRODUCT_NAME = "$(TARGET_NAME)";
				SWIFT_EMIT_LOC_STRINGS = YES;
				SWIFT_VERSION = 5.0;
				TARGETED_DEVICE_FAMILY = "1,2";
			};
			name = Release;
		};
		8765432109876543210987654321098 /* Debug */ = {
			isa = XCBuildConfiguration;
			buildSettings = {
				ASSETCATALOG_COMPILER_APPICON_NAME = AppIcon;
				ASSETCATALOG_COMPILER_GLOBAL_ACCENT_COLOR_NAME = AccentColor;
				CODE_SIGN_STYLE = Automatic;
				CURRENT_PROJECT_VERSION = 1;
				DEVELOPMENT_ASSET_PATHS = "";
				DEVELOPMENT_TEAM = 3CUUUW8TZ3;
				ENABLE_PREVIEWS = YES;
				GENERATE_INFOPLIST_FILE = YES;
				INFOPLIST_KEY_UIApplicationSceneManifest_Generation = YES;
				INFOPLIST_KEY_UIApplicationSupportsIndirectInputEvents = YES;
				INFOPLIST_KEY_UILaunchScreen_Generation = YES;
				INFOPLIST_KEY_UISupportedInterfaceOrientations_iPad = "UIInterfaceOrientationPortrait UIInterfaceOrientationPortraitUpsideDown UIInterfaceOrientationLandscapeLeft UIInterfaceOrientationLandscapeRight";
				INFOPLIST_KEY_UISupportedInterfaceOrientations_iPhone = "UIInterfaceOrientationPortrait UIInterfaceOrientationLandscapeLeft UIInterfaceOrientationLandscapeRight";
				LD_RUNPATH_SEARCH_PATHS = (
					"$(inherited)",
					"@executable_path/Frameworks",
				);
				MARKETING_VERSION = 1.0;
				PRODUCT_BUNDLE_IDENTIFIER = com.example.MarcadorPadel;
				PRODUCT_NAME = "$(TARGET_NAME)";
				SWIFT_EMIT_LOC_STRINGS = YES;
				SWIFT_VERSION = 5.0;
				TARGETED_DEVICE_FAMILY = "1,2";
			};
			name = Debug;
		};
		9876543210987654321098765432109 /* Release */ = {
			isa = XCBuildConfiguration;
			buildSettings = {
				ALWAYS_SEARCH_USER_PATHS = NO;
				CLANG_ANALYZER_NONNULL = YES;
				CLANG_ANALYZER_NUMBER_OBJECT_CONVERSION = YES_AGGRESSIVE;
				CLANG_CXX_LANGUAGE_STANDARD = "gnu++20";
				CLANG_ENABLE_MODULES = YES;
				CLANG_ENABLE_OBJC_ARC = YES;
				CLANG_ENABLE_OBJC_WEAK = YES;
				CLANG_WARN_BLOCK_CAPTURE_AUTORELEASING = YES;
				CLANG_WARN_BOOL_CONVERSION = YES;
				CLANG_WARN_COMMA = YES;
				CLANG_WARN_CONSTANT_CONVERSION = YES;
				CLANG_WARN_DEPRECATED_OBJC_IMPLEMENTATIONS = YES;
				CLANG_WARN_DIRECT_OBJC_ISA_USAGE = YES_ERROR;
				CLANG_WARN_DOCUMENTATION_COMMENTS = YES;
				CLANG_WARN_EMPTY_BODY = YES;
				CLANG_WARN_ENUM_CONVERSION = YES;
				CLANG_WARN_INFINITE_RECURSION = YES;
				CLANG_WARN_INT_CONVERSION = YES;
				CLANG_WARN_NON_LITERAL_NULL_CONVERSION = YES;
				CLANG_WARN_OBJC_IMPLICIT_RETAIN_SELF = YES;
				CLANG_WARN_OBJC_LITERAL_CONVERSION = YES;
				CLANG_WARN_OBJC_ROOT_CLASS = YES_ERROR;
				CLANG_WARN_QUOTED_INCLUDE_IN_FRAMEWORK_HEADER = YES;
				CLANG_WARN_RANGE_LOOP_ANALYSIS = YES;
				CLANG_WARN_STRICT_PROTOTYPES = YES;
				CLANG_WARN_SUSPICIOUS_MOVE = YES;
				CLANG_WARN_UNGUARDED_AVAILABILITY = YES_AGGRESSIVE;
				CLANG_WARN_UNREACHABLE_CODE = YES;
				CLANG_WARN__DUPLICATE_METHOD_MATCH = YES;
				COPY_PHASE_STRIP = NO;
				DEBUG_INFORMATION_FORMAT = "dwarf-with-dsym";
				ENABLE_NS_ASSERTIONS = NO;
				ENABLE_STRICT_OBJC_MSGSEND = YES;
				GCC_C_LANGUAGE_STANDARD = gnu11;
				GCC_NO_COMMON_BLOCKS = YES;
				GCC_WARN_64_TO_32_BIT_CONVERSION = YES;
				GCC_WARN_ABOUT_RETURN_TYPE = YES_ERROR;
				GCC_WARN_UNDECLARED_SELECTOR = YES;
				GCC_WARN_UNINITIALIZED_AUTOS = YES_AGGRESSIVE;
				GCC_WARN_UNUSED_FUNCTION = YES;
				GCC_WARN_UNUSED_VARIABLE = YES;
				IPHONEOS_DEPLOYMENT_TARGET = 16.4;
				MTL_ENABLE_DEBUG_INFO = NO;
				MTL_FAST_MATH = YES;
				SDKROOT = iphoneos;
				SWIFT_COMPILATION_MODE = wholemodule;
				SWIFT_OPTIMIZATION_LEVEL = "-O";
				VALIDATE_PRODUCT = YES;
			};
			name = Release;
		};
/* End XCBuildConfiguration section */

/* Begin XCConfigurationList section */
		1098765432109876543210987654321 /* Build configuration list for PBXProject "MarcadorPadel" */ = {
			isa = XCConfigurationList;
			buildConfigurations = (
				0987654321098765432109876543210 /* Debug */,
				9876543210987654321098765432109 /* Release */,
			);
			defaultConfigurationIsVisible = 0;
			defaultConfigurationName = Release;
		};
		3210987654321098765432109876543 /* Build configuration list for PBXNativeTarget "MarcadorPadel" */ = {
			isa = XCConfigurationList;
			buildConfigurations = (
				8765432109876543210987654321098 /* Debug */,
				7654321098765432109876543210987 /* Release */,
			);
			defaultConfigurationIsVisible = 0;
			defaultConfigurationName = Release;
		};
/* End XCConfigurationList section */
	};
	rootObject = 2109876543210987654321098765432 /* Project object */;
}
